
Microsoft Visual Studio Solution File, Format Version 12.00
# Visual Studio Version 17
VisualStudioVersion = 17.4.33122.133
MinimumVisualStudioVersion = 10.0.40219.1
Project("{FAE04EC0-301F-11D3-BF4B-00C04F79EFBC}") = "CSharpSyntax", "CSharpSyntax\CSharpSyntax.csproj", "{869778B1-5363-4443-81F5-205B878C2E57}"
EndProject
Global
	GlobalSection(SolutionConfigurationPlatforms) = preSolution
		Debug|Any CPU = Debug|Any CPU
		Release|Any CPU = Release|Any CPU
	EndGlobalSection
	GlobalSection(ProjectConfigurationPlatforms) = postSolution
		{869778B1-5363-4443-81F5-205B878C2E57}.Debug|Any CPU.ActiveCfg = Debug|Any CPU
		{869778B1-5363-4443-81F5-205B878C2E57}.Debug|Any CPU.Build.0 = Debug|Any CPU
		{869778B1-5363-4443-81F5-205B878C2E57}.Release|Any CPU.ActiveCfg = Release|Any CPU
		{869778B1-5363-4443-81F5-205B878C2E57}.Release|Any CPU.Build.0 = Release|Any CPU
	EndGlobalSection
	GlobalSection(SolutionProperties) = preSolution
		HideSolutionNode = FALSE
	EndGlobalSection
	GlobalSection(ExtensibilityGlobals) = postSolution
		SolutionGuid = {94C08894-C633-47EC-B613-70DAA25BD669}
	EndGlobalSection
EndGlobal
